// !$*UTF8*$!
{
	archiveVersion = 1;
	classes = {
	};
	objectVersion = 46;
	objects = {

/* Begin PBXBuildFile section */
		BF09FA071C891AC30094B400 /* TweetInfoViewController.swift in Sources */ = {isa = PBXBuildFile; fileRef = BF09FA061C891AC30094B400 /* TweetInfoViewController.swift */; };
		BF1EC36D1C7BEB08008FB301 /* AppDelegate.swift in Sources */ = {isa = PBXBuildFile; fileRef = BF1EC36C1C7BEB08008FB301 /* AppDelegate.swift */; };
		BF1EC3721C7BEB08008FB301 /* Main.storyboard in Resources */ = {isa = PBXBuildFile; fileRef = BF1EC3701C7BEB08008FB301 /* Main.storyboard */; };
		BF1EC3741C7BEB08008FB301 /* Assets.xcassets in Resources */ = {isa = PBXBuildFile; fileRef = BF1EC3731C7BEB08008FB301 /* Assets.xcassets */; };
		BF1EC3771C7BEB08008FB301 /* LaunchScreen.storyboard in Resources */ = {isa = PBXBuildFile; fileRef = BF1EC3751C7BEB08008FB301 /* LaunchScreen.storyboard */; };
		BF461E781C8E561100CF337B /* ProfileInfoViewController.swift in Sources */ = {isa = PBXBuildFile; fileRef = BF461E771C8E561100CF337B /* ProfileInfoViewController.swift */; };
		BF5B13811C8FF4670018A9FA /* ComposingTweetViewController.swift in Sources */ = {isa = PBXBuildFile; fileRef = BF5B13801C8FF4670018A9FA /* ComposingTweetViewController.swift */; };
		BF8794F81C81060B006BA496 /* User.swift in Sources */ = {isa = PBXBuildFile; fileRef = BF8794F71C81060B006BA496 /* User.swift */; };
		BF8794FA1C81061F006BA496 /* Tweet.swift in Sources */ = {isa = PBXBuildFile; fileRef = BF8794F91C81061F006BA496 /* Tweet.swift */; };
		BF8794FC1C81138C006BA496 /* TwitterClient.swift in Sources */ = {isa = PBXBuildFile; fileRef = BF8794FB1C81138C006BA496 /* TwitterClient.swift */; };
		BF8794FE1C8181F8006BA496 /* TweetsViewController.swift in Sources */ = {isa = PBXBuildFile; fileRef = BF8794FD1C8181F8006BA496 /* TweetsViewController.swift */; };
		BF8795041C823609006BA496 /* TweetCell.swift in Sources */ = {isa = PBXBuildFile; fileRef = BF8795031C823609006BA496 /* TweetCell.swift */; };
		BFDF31E61C8EA30D00617FE2 /* profileCell.swift in Sources */ = {isa = PBXBuildFile; fileRef = BFDF31E51C8EA30D00617FE2 /* profileCell.swift */; };
		BFFD033A1C7C14C100EE4591 /* LogInViewController.swift in Sources */ = {isa = PBXBuildFile; fileRef = BFFD03391C7C14C100EE4591 /* LogInViewController.swift */; };
		FBD540ED1530167E0AB412FD /* Pods_Twitter.framework in Frameworks */ = {isa = PBXBuildFile; fileRef = 9A1323F3F7C8AE25FE75B98F /* Pods_Twitter.framework */; };
/* End PBXBuildFile section */

/* Begin PBXFileReference section */
		9153F2B5434AF352A6073886 /* Pods-Twitter.release.xcconfig */ = {isa = PBXFileReference; includeInIndex = 1; lastKnownFileType = text.xcconfig; name = "Pods-Twitter.release.xcconfig"; path = "Pods/Target Support Files/Pods-Twitter/Pods-Twitter.release.xcconfig"; sourceTree = "<group>"; };
		9A1323F3F7C8AE25FE75B98F /* Pods_Twitter.framework */ = {isa = PBXFileReference; explicitFileType = wrapper.framework; includeInIndex = 0; path = Pods_Twitter.framework; sourceTree = BUILT_PRODUCTS_DIR; };
		A92BD8995A30A04CCCBCD249 /* Pods-Twitter.debug.xcconfig */ = {isa = PBXFileReference; includeInIndex = 1; lastKnownFileType = text.xcconfig; name = "Pods-Twitter.debug.xcconfig"; path = "Pods/Target Support Files/Pods-Twitter/Pods-Twitter.debug.xcconfig"; sourceTree = "<group>"; };
		BF09FA061C891AC30094B400 /* TweetInfoViewController.swift */ = {isa = PBXFileReference; fileEncoding = 4; lastKnownFileType = sourcecode.swift; path = TweetInfoViewController.swift; sourceTree = "<group>"; };
		BF1EC3691C7BEB08008FB301 /* Twitter.app */ = {isa = PBXFileReference; explicitFileType = wrapper.application; includeInIndex = 0; path = Twitter.app; sourceTree = BUILT_PRODUCTS_DIR; };
		BF1EC36C1C7BEB08008FB301 /* AppDelegate.swift */ = {isa = PBXFileReference; lastKnownFileType = sourcecode.swift; path = AppDelegate.swift; sourceTree = "<group>"; };
		BF1EC3711C7BEB08008FB301 /* Base */ = {isa = PBXFileReference; lastKnownFileType = file.storyboard; name = Base; path = Base.lproj/Main.storyboard; sourceTree = "<group>"; };
		BF1EC3731C7BEB08008FB301 /* Assets.xcassets */ = {isa = PBXFileReference; lastKnownFileType = folder.assetcatalog; path = Assets.xcassets; sourceTree = "<group>"; };
		BF1EC3761C7BEB08008FB301 /* Base */ = {isa = PBXFileReference; lastKnownFileType = file.storyboard; name = Base; path = Base.lproj/LaunchScreen.storyboard; sourceTree = "<group>"; };
		BF1EC3781C7BEB08008FB301 /* Info.plist */ = {isa = PBXFileReference; lastKnownFileType = text.plist.xml; path = Info.plist; sourceTree = "<group>"; };
		BF461E771C8E561100CF337B /* ProfileInfoViewController.swift */ = {isa = PBXFileReference; fileEncoding = 4; lastKnownFileType = sourcecode.swift; path = ProfileInfoViewController.swift; sourceTree = "<group>"; };
		BF5B13801C8FF4670018A9FA /* ComposingTweetViewController.swift */ = {isa = PBXFileReference; fileEncoding = 4; lastKnownFileType = sourcecode.swift; path = ComposingTweetViewController.swift; sourceTree = "<group>"; };
		BF8794F71C81060B006BA496 /* User.swift */ = {isa = PBXFileReference; fileEncoding = 4; lastKnownFileType = sourcecode.swift; path = User.swift; sourceTree = "<group>"; };
		BF8794F91C81061F006BA496 /* Tweet.swift */ = {isa = PBXFileReference; fileEncoding = 4; lastKnownFileType = sourcecode.swift; path = Tweet.swift; sourceTree = "<group>"; };
		BF8794FB1C81138C006BA496 /* TwitterClient.swift */ = {isa = PBXFileReference; fileEncoding = 4; lastKnownFileType = sourcecode.swift; path = TwitterClient.swift; sourceTree = "<group>"; };
		BF8794FD1C8181F8006BA496 /* TweetsViewController.swift */ = {isa = PBXFileReference; fileEncoding = 4; lastKnownFileType = sourcecode.swift; path = TweetsViewController.swift; sourceTree = "<group>"; };
		BF8795031C823609006BA496 /* TweetCell.swift */ = {isa = PBXFileReference; fileEncoding = 4; lastKnownFileType = sourcecode.swift; path = TweetCell.swift; sourceTree = "<group>"; };
		BFDF31E51C8EA30D00617FE2 /* profileCell.swift */ = {isa = PBXFileReference; fileEncoding = 4; lastKnownFileType = sourcecode.swift; path = profileCell.swift; sourceTree = "<group>"; };
		BFFD03391C7C14C100EE4591 /* LogInViewController.swift */ = {isa = PBXFileReference; fileEncoding = 4; lastKnownFileType = sourcecode.swift; path = LogInViewController.swift; sourceTree = "<group>"; };
/* End PBXFileReference section */

/* Begin PBXFrameworksBuildPhase section */
		BF1EC3661C7BEB08008FB301 /* Frameworks */ = {
			isa = PBXFrameworksBuildPhase;
			buildActionMask = 2147483647;
			files = (
				FBD540ED1530167E0AB412FD /* Pods_Twitter.framework in Frameworks */,
			);
			runOnlyForDeploymentPostprocessing = 0;
		};
/* End PBXFrameworksBuildPhase section */

/* Begin PBXGroup section */
		8F87682EA144C3C905204C41 /* Frameworks */ = {
			isa = PBXGroup;
			children = (
				9A1323F3F7C8AE25FE75B98F /* Pods_Twitter.framework */,
			);
			name = Frameworks;
			sourceTree = "<group>";
		};
		AD4CF43B1BF3014A166F6611 /* Pods */ = {
			isa = PBXGroup;
			children = (
				A92BD8995A30A04CCCBCD249 /* Pods-Twitter.debug.xcconfig */,
				9153F2B5434AF352A6073886 /* Pods-Twitter.release.xcconfig */,
			);
			name = Pods;
			sourceTree = "<group>";
		};
		BF1EC3601C7BEB08008FB301 = {
			isa = PBXGroup;
			children = (
				BF1EC36B1C7BEB08008FB301 /* Twitter */,
				BF1EC36A1C7BEB08008FB301 /* Products */,
				AD4CF43B1BF3014A166F6611 /* Pods */,
				8F87682EA144C3C905204C41 /* Frameworks */,
			);
			sourceTree = "<group>";
		};
		BF1EC36A1C7BEB08008FB301 /* Products */ = {
			isa = PBXGroup;
			children = (
				BF1EC3691C7BEB08008FB301 /* Twitter.app */,
			);
			name = Products;
			sourceTree = "<group>";
		};
		BF1EC36B1C7BEB08008FB301 /* Twitter */ = {
			isa = PBXGroup;
			children = (
				BF8795001C8235C0006BA496 /* Views */,
				BF8794F61C810570006BA496 /* API */,
				BF8794F51C810560006BA496 /* View Controllers */,
				BF8794F41C81055A006BA496 /* Models */,
				BF1EC36C1C7BEB08008FB301 /* AppDelegate.swift */,
				BF1EC3701C7BEB08008FB301 /* Main.storyboard */,
				BF1EC3731C7BEB08008FB301 /* Assets.xcassets */,
				BF1EC3751C7BEB08008FB301 /* LaunchScreen.storyboard */,
				BF1EC3781C7BEB08008FB301 /* Info.plist */,
			);
			path = Twitter;
			sourceTree = "<group>";
		};
		BF8794F41C81055A006BA496 /* Models */ = {
			isa = PBXGroup;
			children = (
				BF8794F71C81060B006BA496 /* User.swift */,
				BF8794F91C81061F006BA496 /* Tweet.swift */,
			);
			name = Models;
			sourceTree = "<group>";
		};
		BF8794F51C810560006BA496 /* View Controllers */ = {
			isa = PBXGroup;
			children = (
				BFFD03391C7C14C100EE4591 /* LogInViewController.swift */,
				BF8794FD1C8181F8006BA496 /* TweetsViewController.swift */,
				BF09FA061C891AC30094B400 /* TweetInfoViewController.swift */,
				BF461E771C8E561100CF337B /* ProfileInfoViewController.swift */,
				BF5B13801C8FF4670018A9FA /* ComposingTweetViewController.swift */,
			);
			name = "View Controllers";
			sourceTree = "<group>";
		};
		BF8794F61C810570006BA496 /* API */ = {
			isa = PBXGroup;
			children = (
				BF8794FB1C81138C006BA496 /* TwitterClient.swift */,
			);
			name = API;
			sourceTree = "<group>";
		};
		BF8795001C8235C0006BA496 /* Views */ = {
			isa = PBXGroup;
			children = (
				BF8795031C823609006BA496 /* TweetCell.swift */,
				BFDF31E51C8EA30D00617FE2 /* profileCell.swift */,
			);
			name = Views;
			sourceTree = "<group>";
		};
/* End PBXGroup section */

/* Begin PBXNativeTarget section */
		BF1EC3681C7BEB08008FB301 /* Twitter */ = {
			isa = PBXNativeTarget;
			buildConfigurationList = BF1EC37B1C7BEB08008FB301 /* Build configuration list for PBXNativeTarget "Twitter" */;
			buildPhases = (
				5AC4EF7CC74EA1F696CF6345 /* Check Pods Manifest.lock */,
				BF1EC3651C7BEB08008FB301 /* Sources */,
				BF1EC3661C7BEB08008FB301 /* Frameworks */,
				BF1EC3671C7BEB08008FB301 /* Resources */,
				93D1314C6AB3311C3C1F1822 /* Embed Pods Frameworks */,
				8085B645451EEF4AA0B7DB25 /* Copy Pods Resources */,
			);
			buildRules = (
			);
			dependencies = (
			);
			name = Twitter;
			productName = Twitter;
			productReference = BF1EC3691C7BEB08008FB301 /* Twitter.app */;
			productType = "com.apple.product-type.application";
		};
/* End PBXNativeTarget section */

/* Begin PBXProject section */
		BF1EC3611C7BEB08008FB301 /* Project object */ = {
			isa = PBXProject;
			attributes = {
				LastSwiftUpdateCheck = 0720;
				LastUpgradeCheck = 0720;
				ORGANIZATIONNAME = "Shakeel Daswani";
				TargetAttributes = {
					BF1EC3681C7BEB08008FB301 = {
						CreatedOnToolsVersion = 7.2.1;
						DevelopmentTeam = TVMD7XVDMN;
					};
				};
			};
			buildConfigurationList = BF1EC3641C7BEB08008FB301 /* Build configuration list for PBXProject "Twitter" */;
			compatibilityVersion = "Xcode 3.2";
			developmentRegion = English;
			hasScannedForEncodings = 0;
			knownRegions = (
				en,
				Base,
			);
			mainGroup = BF1EC3601C7BEB08008FB301;
			productRefGroup = BF1EC36A1C7BEB08008FB301 /* Products */;
			projectDirPath = "";
			projectRoot = "";
			targets = (
				BF1EC3681C7BEB08008FB301 /* Twitter */,
			);
		};
/* End PBXProject section */

/* Begin PBXResourcesBuildPhase section */
		BF1EC3671C7BEB08008FB301 /* Resources */ = {
			isa = PBXResourcesBuildPhase;
			buildActionMask = 2147483647;
			files = (
				BF1EC3771C7BEB08008FB301 /* LaunchScreen.storyboard in Resources */,
				BF1EC3741C7BEB08008FB301 /* Assets.xcassets in Resources */,
				BF1EC3721C7BEB08008FB301 /* Main.storyboard in Resources */,
			);
			runOnlyForDeploymentPostprocessing = 0;
		};
/* End PBXResourcesBuildPhase section */

/* Begin PBXShellScriptBuildPhase section */
		5AC4EF7CC74EA1F696CF6345 /* Check Pods Manifest.lock */ = {
			isa = PBXShellScriptBuildPhase;
			buildActionMask = 2147483647;
			files = (
			);
			inputPaths = (
			);
			name = "Check Pods Manifest.lock";
			outputPaths = (
			);
			runOnlyForDeploymentPostprocessing = 0;
			shellPath = /bin/sh;
			shellScript = "diff \"${PODS_ROOT}/../Podfile.lock\" \"${PODS_ROOT}/Manifest.lock\" > /dev/null\nif [[ $? != 0 ]] ; then\n    cat << EOM\nerror: The sandbox is not in sync with the Podfile.lock. Run 'pod install' or update your CocoaPods installation.\nEOM\n    exit 1\nfi\n";
			showEnvVarsInLog = 0;
		};
		8085B645451EEF4AA0B7DB25 /* Copy Pods Resources */ = {
			isa = PBXShellScriptBuildPhase;
			buildActionMask = 2147483647;
			files = (
			);
			inputPaths = (
			);
			name = "Copy Pods Resources";
			outputPaths = (
			);
			runOnlyForDeploymentPostprocessing = 0;
			shellPath = /bin/sh;
			shellScript = "\"${SRCROOT}/Pods/Target Support Files/Pods-Twitter/Pods-Twitter-resources.sh\"\n";
			showEnvVarsInLog = 0;
		};
		93D1314C6AB3311C3C1F1822 /* Embed Pods Frameworks */ = {
			isa = PBXShellScriptBuildPhase;
			buildActionMask = 2147483647;
			files = (
			);
			inputPaths = (
			);
			name = "Embed Pods Frameworks";
			outputPaths = (
			);
			runOnlyForDeploymentPostprocessing = 0;
			shellPath = /bin/sh;
			shellScript = "\"${SRCROOT}/Pods/Target Support Files/Pods-Twitter/Pods-Twitter-frameworks.sh\"\n";
			showEnvVarsInLog = 0;
		};
/* End PBXShellScriptBuildPhase section */

/* Begin PBXSourcesBuildPhase section */
		BF1EC3651C7BEB08008FB301 /* Sources */ = {
			isa = PBXSourcesBuildPhase;
			buildActionMask = 2147483647;
			files = (
				BF8794F81C81060B006BA496 /* User.swift in Sources */,
				BF8795041C823609006BA496 /* TweetCell.swift in Sources */,
				BF8794FA1C81061F006BA496 /* Tweet.swift in Sources */,
				BF461E781C8E561100CF337B /* ProfileInfoViewController.swift in Sources */,
				BF8794FE1C8181F8006BA496 /* TweetsViewController.swift in Sources */,
				BF09FA071C891AC30094B400 /* TweetInfoViewController.swift in Sources */,
				BF1EC36D1C7BEB08008FB301 /* AppDelegate.swift in Sources */,
				BF8794FC1C81138C006BA496 /* TwitterClient.swift in Sources */,
				BFFD033A1C7C14C100EE4591 /* LogInViewController.swift in Sources */,
				BF5B13811C8FF4670018A9FA /* ComposingTweetViewController.swift in Sources */,
				BFDF31E61C8EA30D00617FE2 /* profileCell.swift in Sources */,
			);
			runOnlyForDeploymentPostprocessing = 0;
		};
/* End PBXSourcesBuildPhase section */

/* Begin PBXVariantGroup section */
		BF1EC3701C7BEB08008FB301 /* Main.storyboard */ = {
			isa = PBXVariantGroup;
			children = (
				BF1EC3711C7BEB08008FB301 /* Base */,
			);
			name = Main.storyboard;
			sourceTree = "<group>";
		};
		BF1EC3751C7BEB08008FB301 /* LaunchScreen.storyboard */ = {
			isa = PBXVariantGroup;
			children = (
				BF1EC3761C7BEB08008FB301 /* Base */,
			);
			name = LaunchScreen.storyboard;
			sourceTree = "<group>";
		};
/* End PBXVariantGroup section */

/* Begin XCBuildConfiguration section */
		BF1EC3791C7BEB08008FB301 /* Debug */ = {
			isa = XCBuildConfiguration;
			buildSettings = {
				ALWAYS_SEARCH_USER_PATHS = NO;
				CLANG_CXX_LANGUAGE_STANDARD = "gnu++0x";
				CLANG_CXX_LIBRARY = "libc++";
				CLANG_ENABLE_MODULES = YES;
				CLANG_ENABLE_OBJC_ARC = YES;
				CLANG_WARN_BOOL_CONVERSION = YES;
				CLANG_WARN_CONSTANT_CONVERSION = YES;
				CLANG_WARN_DIRECT_OBJC_ISA_USAGE = YES_ERROR;
				CLANG_WARN_EMPTY_BODY = YES;
				CLANG_WARN_ENUM_CONVERSION = YES;
				CLANG_WARN_INT_CONVERSION = YES;
				CLANG_WARN_OBJC_ROOT_CLASS = YES_ERROR;
				CLANG_WARN_UNREACHABLE_CODE = YES;
				CLANG_WARN__DUPLICATE_METHOD_MATCH = YES;
				"CODE_SIGN_IDENTITY[sdk=iphoneos*]" = "iPhone Developer";
				COPY_PHASE_STRIP = NO;
				DEBUG_INFORMATION_FORMAT = dwarf;
				ENABLE_STRICT_OBJC_MSGSEND = YES;
				ENABLE_TESTABILITY = YES;
				GCC_C_LANGUAGE_STANDARD = gnu99;
				GCC_DYNAMIC_NO_PIC = NO;
				GCC_NO_COMMON_BLOCKS = YES;
				GCC_OPTIMIZATION_LEVEL = 0;
				GCC_PREPROCESSOR_DEFINITIONS = (
					"DEBUG=1",
					"$(inherited)",
				);
				GCC_WARN_64_TO_32_BIT_CONVERSION = YES;
				GCC_WARN_ABOUT_RETURN_TYPE = YES_ERROR;
				GCC_WARN_UNDECLARED_SELECTOR = YES;
				GCC_WARN_UNINITIALIZED_AUTOS = YES_AGGRESSIVE;
				GCC_WARN_UNUSED_FUNCTION = YES;
				GCC_WARN_UNUSED_VARIABLE = YES;
				IPHONEOS_DEPLOYMENT_TARGET = 9.2;
				MTL_ENABLE_DEBUG_INFO = YES;
				ONLY_ACTIVE_ARCH = YES;
				SDKROOT = iphoneos;
				SWIFT_OPTIMIZATION_LEVEL = "-Onone";
			};
			name = Debug;
		};
		BF1EC37A1C7BEB08008FB301 /* Release */ = {
			isa = XCBuildConfiguration;
			buildSettings = {
				ALWAYS_SEARCH_USER_PATHS = NO;
				CLANG_CXX_LANGUAGE_STANDARD = "gnu++0x";
				CLANG_CXX_LIBRARY = "libc++";
				CLANG_ENABLE_MODULES = YES;
				CLANG_ENABLE_OBJC_ARC = YES;
				CLANG_WARN_BOOL_CONVERSION = YES;
				CLANG_WARN_CONSTANT_CONVERSION = YES;
				CLANG_WARN_DIRECT_OBJC_ISA_USAGE = YES_ERROR;
				CLANG_WARN_EMPTY_BODY = YES;
				CLANG_WARN_ENUM_CONVERSION = YES;
				CLANG_WARN_INT_CONVERSION = YES;
				CLANG_WARN_OBJC_ROOT_CLASS = YES_ERROR;
				CLANG_WARN_UNREACHABLE_CODE = YES;
				CLANG_WARN__DUPLICATE_METHOD_MATCH = YES;
				"CODE_SIGN_IDENTITY[sdk=iphoneos*]" = "iPhone Developer";
				COPY_PHASE_STRIP = NO;
				DEBUG_INFORMATION_FORMAT = "dwarf-with-dsym";
				ENABLE_NS_ASSERTIONS = NO;
				ENABLE_STRICT_OBJC_MSGSEND = YES;
				GCC_C_LANGUAGE_STANDARD = gnu99;
				GCC_NO_COMMON_BLOCKS = YES;
				GCC_WARN_64_TO_32_BIT_CONVERSION = YES;
				GCC_WARN_ABOUT_RETURN_TYPE = YES_ERROR;
				GCC_WARN_UNDECLARED_SELECTOR = YES;
				GCC_WARN_UNINITIALIZED_AUTOS = YES_AGGRESSIVE;
				GCC_WARN_UNUSED_FUNCTION = YES;
				GCC_WARN_UNUSED_VARIABLE = YES;
				IPHONEOS_DEPLOYMENT_TARGET = 9.2;
				MTL_ENABLE_DEBUG_INFO = NO;
				SDKROOT = iphoneos;
				VALIDATE_PRODUCT = YES;
			};
			name = Release;
		};
		BF1EC37C1C7BEB08008FB301 /* Debug */ = {
			isa = XCBuildConfiguration;
			baseConfigurationReference = A92BD8995A30A04CCCBCD249 /* Pods-Twitter.debug.xcconfig */;
			buildSettings = {
				ASSETCATALOG_COMPILER_APPICON_NAME = AppIcon;
				INFOPLIST_FILE = Twitter/Info.plist;
				LD_RUNPATH_SEARCH_PATHS = "$(inherited) @executable_path/Frameworks";
				PRODUCT_BUNDLE_IDENTIFIER = com.shakeel.Twitter;
				PRODUCT_NAME = "$(TARGET_NAME)";
			};
			name = Debug;
		};
		BF1EC37D1C7BEB08008FB301 /* Release */ = {
			isa = XCBuildConfiguration;
			baseConfigurationReference = 9153F2B5434AF352A6073886 /* Pods-Twitter.release.xcconfig */;
			buildSettings = {
				ASSETCATALOG_COMPILER_APPICON_NAME = AppIcon;
				INFOPLIST_FILE = Twitter/Info.plist;
				LD_RUNPATH_SEARCH_PATHS = "$(inherited) @executable_path/Frameworks";
				PRODUCT_BUNDLE_IDENTIFIER = com.shakeel.Twitter;
				PRODUCT_NAME = "$(TARGET_NAME)";
			};
			name = Release;
		};
/* End XCBuildConfiguration section */

/* Begin XCConfigurationList section */
		BF1EC3641C7BEB08008FB301 /* Build configuration list for PBXProject "Twitter" */ = {
			isa = XCConfigurationList;
			buildConfigurations = (
				BF1EC3791C7BEB08008FB301 /* Debug */,
				BF1EC37A1C7BEB08008FB301 /* Release */,
			);
			defaultConfigurationIsVisible = 0;
			defaultConfigurationName = Release;
		};
		BF1EC37B1C7BEB08008FB301 /* Build configuration list for PBXNativeTarget "Twitter" */ = {
			isa = XCConfigurationList;
			buildConfigurations = (
				BF1EC37C1C7BEB08008FB301 /* Debug */,
				BF1EC37D1C7BEB08008FB301 /* Release */,
			);
			defaultConfigurationIsVisible = 0;
			defaultConfigurationName = Release;
		};
/* End XCConfigurationList section */
	};
	rootObject = BF1EC3611C7BEB08008FB301 /* Project object */;
}
